
Microsoft Visual Studio Solution File, Format Version 12.00
# Visual Studio Version 16
VisualStudioVersion = 16.0.33027.164
MinimumVisualStudioVersion = 10.0.40219.1
Project("{FAE04EC0-301F-11D3-BF4B-00C04F79EFBC}") = "Visualizador de Operações", "Visualizador de Operações.csproj", "{1E3D7F90-9D4B-478D-BB67-F94594F63583}"
EndProject
Global
	GlobalSection(SolutionConfigurationPlatforms) = preSolution
		Debug|Any CPU = Debug|Any CPU
		Release|Any CPU = Release|Any CPU
	EndGlobalSection
	GlobalSection(ProjectConfigurationPlatforms) = postSolution
		{1E3D7F90-9D4B-478D-BB67-F94594F63583}.Debug|Any CPU.ActiveCfg = Debug|Any CPU
		{1E3D7F90-9D4B-478D-BB67-F94594F63583}.Debug|Any CPU.Build.0 = Debug|Any CPU
		{1E3D7F90-9D4B-478D-BB67-F94594F63583}.Release|Any CPU.ActiveCfg = Release|Any CPU
		{1E3D7F90-9D4B-478D-BB67-F94594F63583}.Release|Any CPU.Build.0 = Release|Any CPU
	EndGlobalSection
	GlobalSection(SolutionProperties) = preSolution
		HideSolutionNode = FALSE
	EndGlobalSection
	GlobalSection(ExtensibilityGlobals) = postSolution
		SolutionGuid = {46FD5399-901B-49BB-9764-CE412F6D899A}
	EndGlobalSection
EndGlobal
